// !$*UTF8*$!
{
	archiveVersion = 1;
	classes = {
	};
	objectVersion = 48;
	objects = {

/* Begin PBXBuildFile section */
		CAFBA1CB208A456E00B931B8 /* AppDelegate.m in Sources */ = {isa = PBXBuildFile; fileRef = CAFBA1CA208A456D00B931B8 /* AppDelegate.m */; };
		CAFBA1CE208A456E00B931B8 /* ViewController.m in Sources */ = {isa = PBXBuildFile; fileRef = CAFBA1CD208A456E00B931B8 /* ViewController.m */; };
		CAFBA1D1208A456E00B931B8 /* Main.storyboard in Resources */ = {isa = PBXBuildFile; fileRef = CAFBA1CF208A456E00B931B8 /* Main.storyboard */; };
		CAFBA1D3208A456E00B931B8 /* Assets.xcassets in Resources */ = {isa = PBXBuildFile; fileRef = CAFBA1D2208A456E00B931B8 /* Assets.xcassets */; };
		CAFBA1D6208A456E00B931B8 /* LaunchScreen.storyboard in Resources */ = {isa = PBXBuildFile; fileRef = CAFBA1D4208A456E00B931B8 /* LaunchScreen.storyboard */; };
		CAFBA1D9208A456E00B931B8 /* main.m in Sources */ = {isa = PBXBuildFile; fileRef = CAFBA1D8208A456E00B931B8 /* main.m */; };
/* End PBXBuildFile section */

/* Begin PBXFileReference section */
		CAFBA1C6208A456D00B931B8 /* Finger Paint.app */ = {isa = PBXFileReference; explicitFileType = wrapper.application; includeInIndex = 0; path = "Finger Paint.app"; sourceTree = BUILT_PRODUCTS_DIR; };
		CAFBA1C9208A456D00B931B8 /* AppDelegate.h */ = {isa = PBXFileReference; lastKnownFileType = sourcecode.c.h; path = AppDelegate.h; sourceTree = "<group>"; };
		CAFBA1CA208A456D00B931B8 /* AppDelegate.m */ = {isa = PBXFileReference; lastKnownFileType = sourcecode.c.objc; path = AppDelegate.m; sourceTree = "<group>"; };
		CAFBA1CC208A456E00B931B8 /* ViewController.h */ = {isa = PBXFileReference; lastKnownFileType = sourcecode.c.h; path = ViewController.h; sourceTree = "<group>"; };
		CAFBA1CD208A456E00B931B8 /* ViewController.m */ = {isa = PBXFileReference; lastKnownFileType = sourcecode.c.objc; path = ViewController.m; sourceTree = "<group>"; };
		CAFBA1D0208A456E00B931B8 /* Base */ = {isa = PBXFileReference; lastKnownFileType = file.storyboard; name = Base; path = Base.lproj/Main.storyboard; sourceTree = "<group>"; };
		CAFBA1D2208A456E00B931B8 /* Assets.xcassets */ = {isa = PBXFileReference; lastKnownFileType = folder.assetcatalog; path = Assets.xcassets; sourceTree = "<group>"; };
		CAFBA1D5208A456E00B931B8 /* Base */ = {isa = PBXFileReference; lastKnownFileType = file.storyboard; name = Base; path = Base.lproj/LaunchScreen.storyboard; sourceTree = "<group>"; };
		CAFBA1D7208A456E00B931B8 /* Info.plist */ = {isa = PBXFileReference; lastKnownFileType = text.plist.xml; path = Info.plist; sourceTree = "<group>"; };
		CAFBA1D8208A456E00B931B8 /* main.m */ = {isa = PBXFileReference; lastKnownFileType = sourcecode.c.objc; path = main.m; sourceTree = "<group>"; };
/* End PBXFileReference section */

/* Begin PBXFrameworksBuildPhase section */
		CAFBA1C3208A456D00B931B8 /* Frameworks */ = {
			isa = PBXFrameworksBuildPhase;
			buildActionMask = 2147483647;
			files = (
			);
			runOnlyForDeploymentPostprocessing = 0;
		};
/* End PBXFrameworksBuildPhase section */

/* Begin PBXGroup section */
		CAFBA1BD208A456D00B931B8 = {
			isa = PBXGroup;
			children = (
				CAFBA1C8208A456D00B931B8 /* Finger Paint */,
				CAFBA1C7208A456D00B931B8 /* Products */,
			);
			sourceTree = "<group>";
		};
		CAFBA1C7208A456D00B931B8 /* Products */ = {
			isa = PBXGroup;
			children = (
				CAFBA1C6208A456D00B931B8 /* Finger Paint.app */,
			);
			name = Products;
			sourceTree = "<group>";
		};
		CAFBA1C8208A456D00B931B8 /* Finger Paint */ = {
			isa = PBXGroup;
			children = (
				CAFBA1C9208A456D00B931B8 /* AppDelegate.h */,
				CAFBA1CA208A456D00B931B8 /* AppDelegate.m */,
				CAFBA1CC208A456E00B931B8 /* ViewController.h */,
				CAFBA1CD208A456E00B931B8 /* ViewController.m */,
				CAFBA1CF208A456E00B931B8 /* Main.storyboard */,
				CAFBA1D2208A456E00B931B8 /* Assets.xcassets */,
				CAFBA1D4208A456E00B931B8 /* LaunchScreen.storyboard */,
				CAFBA1D7208A456E00B931B8 /* Info.plist */,
				CAFBA1D8208A456E00B931B8 /* main.m */,
			);
			path = "Finger Paint";
			sourceTree = "<group>";
		};
/* End PBXGroup section */

/* Begin PBXNativeTarget section */
		CAFBA1C5208A456D00B931B8 /* Finger Paint */ = {
			isa = PBXNativeTarget;
			buildConfigurationList = CAFBA1DC208A456E00B931B8 /* Build configuration list for PBXNativeTarget "Finger Paint" */;
			buildPhases = (
				CAFBA1C2208A456D00B931B8 /* Sources */,
				CAFBA1C3208A456D00B931B8 /* Frameworks */,
				CAFBA1C4208A456D00B931B8 /* Resources */,
			);
			buildRules = (
			);
			dependencies = (
			);
			name = "Finger Paint";
			productName = "Finger Paint";
			productReference = CAFBA1C6208A456D00B931B8 /* Finger Paint.app */;
			productType = "com.apple.product-type.application";
		};
/* End PBXNativeTarget section */

/* Begin PBXProject section */
		CAFBA1BE208A456D00B931B8 /* Project object */ = {
			isa = PBXProject;
			attributes = {
				LastUpgradeCheck = 0920;
				ORGANIZATIONNAME = "Alejandro Zielinsky";
				TargetAttributes = {
					CAFBA1C5208A456D00B931B8 = {
						CreatedOnToolsVersion = 9.2;
						ProvisioningStyle = Automatic;
					};
				};
			};
			buildConfigurationList = CAFBA1C1208A456D00B931B8 /* Build configuration list for PBXProject "Finger Paint" */;
			compatibilityVersion = "Xcode 8.0";
			developmentRegion = en;
			hasScannedForEncodings = 0;
			knownRegions = (
				en,
				Base,
			);
			mainGroup = CAFBA1BD208A456D00B931B8;
			productRefGroup = CAFBA1C7208A456D00B931B8 /* Products */;
			projectDirPath = "";
			projectRoot = "";
			targets = (
				CAFBA1C5208A456D00B931B8 /* Finger Paint */,
			);
		};
/* End PBXProject section */

/* Begin PBXResourcesBuildPhase section */
		CAFBA1C4208A456D00B931B8 /* Resources */ = {
			isa = PBXResourcesBuildPhase;
			buildActionMask = 2147483647;
			files = (
				CAFBA1D6208A456E00B931B8 /* LaunchScreen.storyboard in Resources */,
				CAFBA1D3208A456E00B931B8 /* Assets.xcassets in Resources */,
				CAFBA1D1208A456E00B931B8 /* Main.storyboard in Resources */,
			);
			runOnlyForDeploymentPostprocessing = 0;
		};
/* End PBXResourcesBuildPhase section */

/* Begin PBXSourcesBuildPhase section */
		CAFBA1C2208A456D00B931B8 /* Sources */ = {
			isa = PBXSourcesBuildPhase;
			buildActionMask = 2147483647;
			files = (
				CAFBA1CE208A456E00B931B8 /* ViewController.m in Sources */,
				CAFBA1D9208A456E00B931B8 /* main.m in Sources */,
				CAFBA1CB208A456E00B931B8 /* AppDelegate.m in Sources */,
			);
			runOnlyForDeploymentPostprocessing = 0;
		};
/* End PBXSourcesBuildPhase section */

/* Begin PBXVariantGroup section */
		CAFBA1CF208A456E00B931B8 /* Main.storyboard */ = {
			isa = PBXVariantGroup;
			children = (
				CAFBA1D0208A456E00B931B8 /* Base */,
			);
			name = Main.storyboard;
			sourceTree = "<group>";
		};
		CAFBA1D4208A456E00B931B8 /* LaunchScreen.storyboard */ = {
			isa = PBXVariantGroup;
			children = (
				CAFBA1D5208A456E00B931B8 /* Base */,
			);
			name = LaunchScreen.storyboard;
			sourceTree = "<group>";
		};
/* End PBXVariantGroup section */

/* Begin XCBuildConfiguration section */
		CAFBA1DA208A456E00B931B8 /* Debug */ = {
			isa = XCBuildConfiguration;
			buildSettings = {
				ALWAYS_SEARCH_USER_PATHS = NO;
				CLANG_ANALYZER_NONNULL = YES;
				CLANG_ANALYZER_NUMBER_OBJECT_CONVERSION = YES_AGGRESSIVE;
				CLANG_CXX_LANGUAGE_STANDARD = "gnu++14";
				CLANG_CXX_LIBRARY = "libc++";
				CLANG_ENABLE_MODULES = YES;
				CLANG_ENABLE_OBJC_ARC = YES;
				CLANG_WARN_BLOCK_CAPTURE_AUTORELEASING = YES;
				CLANG_WARN_BOOL_CONVERSION = YES;
				CLANG_WARN_COMMA = YES;
				CLANG_WARN_CONSTANT_CONVERSION = YES;
				CLANG_WARN_DIRECT_OBJC_ISA_USAGE = YES_ERROR;
				CLANG_WARN_DOCUMENTATION_COMMENTS = YES;
				CLANG_WARN_EMPTY_BODY = YES;
				CLANG_WARN_ENUM_CONVERSION = YES;
				CLANG_WARN_INFINITE_RECURSION = YES;
				CLANG_WARN_INT_CONVERSION = YES;
				CLANG_WARN_NON_LITERAL_NULL_CONVERSION = YES;
				CLANG_WARN_OBJC_LITERAL_CONVERSION = YES;
				CLANG_WARN_OBJC_ROOT_CLASS = YES_ERROR;
				CLANG_WARN_RANGE_LOOP_ANALYSIS = YES;
				CLANG_WARN_STRICT_PROTOTYPES = YES;
				CLANG_WARN_SUSPICIOUS_MOVE = YES;
				CLANG_WARN_UNGUARDED_AVAILABILITY = YES_AGGRESSIVE;
				CLANG_WARN_UNREACHABLE_CODE = YES;
				CLANG_WARN__DUPLICATE_METHOD_MATCH = YES;
				CODE_SIGN_IDENTITY = "iPhone Developer";
				COPY_PHASE_STRIP = NO;
				DEBUG_INFORMATION_FORMAT = dwarf;
				ENABLE_STRICT_OBJC_MSGSEND = YES;
				ENABLE_TESTABILITY = YES;
				GCC_C_LANGUAGE_STANDARD = gnu11;
				GCC_DYNAMIC_NO_PIC = NO;
				GCC_NO_COMMON_BLOCKS = YES;
				GCC_OPTIMIZATION_LEVEL = 0;
				GCC_PREPROCESSOR_DEFINITIONS = (
					"DEBUG=1",
					"$(inherited)",
				);
				GCC_WARN_64_TO_32_BIT_CONVERSION = YES;
				GCC_WARN_ABOUT_RETURN_TYPE = YES_ERROR;
				GCC_WARN_UNDECLARED_SELECTOR = YES;
				GCC_WARN_UNINITIALIZED_AUTOS = YES_AGGRESSIVE;
				GCC_WARN_UNUSED_FUNCTION = YES;
				GCC_WARN_UNUSED_VARIABLE = YES;
				IPHONEOS_DEPLOYMENT_TARGET = 11.2;
				MTL_ENABLE_DEBUG_INFO = YES;
				ONLY_ACTIVE_ARCH = YES;
				SDKROOT = iphoneos;
			};
			name = Debug;
		};
		CAFBA1DB208A456E00B931B8 /* Release */ = {
			isa = XCBuildConfiguration;
			buildSettings = {
				ALWAYS_SEARCH_USER_PATHS = NO;
				CLANG_ANALYZER_NONNULL = YES;
				CLANG_ANALYZER_NUMBER_OBJECT_CONVERSION = YES_AGGRESSIVE;
				CLANG_CXX_LANGUAGE_STANDARD = "gnu++14";
				CLANG_CXX_LIBRARY = "libc++";
				CLANG_ENABLE_MODULES = YES;
				CLANG_ENABLE_OBJC_ARC = YES;
				CLANG_WARN_BLOCK_CAPTURE_AUTORELEASING = YES;
				CLANG_WARN_BOOL_CONVERSION = YES;
				CLANG_WARN_COMMA = YES;
				CLANG_WARN_CONSTANT_CONVERSION = YES;
				CLANG_WARN_DIRECT_OBJC_ISA_USAGE = YES_ERROR;
				CLANG_WARN_DOCUMENTATION_COMMENTS = YES;
				CLANG_WARN_EMPTY_BODY = YES;
				CLANG_WARN_ENUM_CONVERSION = YES;
				CLANG_WARN_INFINITE_RECURSION = YES;
				CLANG_WARN_INT_CONVERSION = YES;
				CLANG_WARN_NON_LITERAL_NULL_CONVERSION = YES;
				CLANG_WARN_OBJC_LITERAL_CONVERSION = YES;
				CLANG_WARN_OBJC_ROOT_CLASS = YES_ERROR;
				CLANG_WARN_RANGE_LOOP_ANALYSIS = YES;
				CLANG_WARN_STRICT_PROTOTYPES = YES;
				CLANG_WARN_SUSPICIOUS_MOVE = YES;
				CLANG_WARN_UNGUARDED_AVAILABILITY = YES_AGGRESSIVE;
				CLANG_WARN_UNREACHABLE_CODE = YES;
				CLANG_WARN__DUPLICATE_METHOD_MATCH = YES;
				CODE_SIGN_IDENTITY = "iPhone Developer";
				COPY_PHASE_STRIP = NO;
				DEBUG_INFORMATION_FORMAT = "dwarf-with-dsym";
				ENABLE_NS_ASSERTIONS = NO;
				ENABLE_STRICT_OBJC_MSGSEND = YES;
				GCC_C_LANGUAGE_STANDARD = gnu11;
				GCC_NO_COMMON_BLOCKS = YES;
				GCC_WARN_64_TO_32_BIT_CONVERSION = YES;
				GCC_WARN_ABOUT_RETURN_TYPE = YES_ERROR;
				GCC_WARN_UNDECLARED_SELECTOR = YES;
				GCC_WARN_UNINITIALIZED_AUTOS = YES_AGGRESSIVE;
				GCC_WARN_UNUSED_FUNCTION = YES;
				GCC_WARN_UNUSED_VARIABLE = YES;
				IPHONEOS_DEPLOYMENT_TARGET = 11.2;
				MTL_ENABLE_DEBUG_INFO = NO;
				SDKROOT = iphoneos;
				VALIDATE_PRODUCT = YES;
			};
			name = Release;
		};
		CAFBA1DD208A456E00B931B8 /* Debug */ = {
			isa = XCBuildConfiguration;
			buildSettings = {
				ASSETCATALOG_COMPILER_APPICON_NAME = AppIcon;
				CODE_SIGN_STYLE = Automatic;
				DEVELOPMENT_TEAM = N8EE67V363;
				INFOPLIST_FILE = "Finger Paint/Info.plist";
				LD_RUNPATH_SEARCH_PATHS = "$(inherited) @executable_path/Frameworks";
				PRODUCT_BUNDLE_IDENTIFIER = "com.AleZ.Finger-Paint";
				PRODUCT_NAME = "$(TARGET_NAME)";
				TARGETED_DEVICE_FAMILY = "1,2";
			};
			name = Debug;
		};
		CAFBA1DE208A456E00B931B8 /* Release */ = {
			isa = XCBuildConfiguration;
			buildSettings = {
				ASSETCATALOG_COMPILER_APPICON_NAME = AppIcon;
				CODE_SIGN_STYLE = Automatic;
				DEVELOPMENT_TEAM = N8EE67V363;
				INFOPLIST_FILE = "Finger Paint/Info.plist";
				LD_RUNPATH_SEARCH_PATHS = "$(inherited) @executable_path/Frameworks";
				PRODUCT_BUNDLE_IDENTIFIER = "com.AleZ.Finger-Paint";
				PRODUCT_NAME = "$(TARGET_NAME)";
				TARGETED_DEVICE_FAMILY = "1,2";
			};
			name = Release;
		};
/* End XCBuildConfiguration section */

/* Begin XCConfigurationList section */
		CAFBA1C1208A456D00B931B8 /* Build configuration list for PBXProject "Finger Paint" */ = {
			isa = XCConfigurationList;
			buildConfigurations = (
				CAFBA1DA208A456E00B931B8 /* Debug */,
				CAFBA1DB208A456E00B931B8 /* Release */,
			);
			defaultConfigurationIsVisible = 0;
			defaultConfigurationName = Release;
		};
		CAFBA1DC208A456E00B931B8 /* Build configuration list for PBXNativeTarget "Finger Paint" */ = {
			isa = XCConfigurationList;
			buildConfigurations = (
				CAFBA1DD208A456E00B931B8 /* Debug */,
				CAFBA1DE208A456E00B931B8 /* Release */,
			);
			defaultConfigurationIsVisible = 0;
			defaultConfigurationName = Release;
		};
/* End XCConfigurationList section */
	};
	rootObject = CAFBA1BE208A456D00B931B8 /* Project object */;
}
